
Microsoft Visual Studio Solution File, Format Version 12.00
# Visual Studio Version 16
VisualStudioVersion = 16.0.31402.337
MinimumVisualStudioVersion = 10.0.40219.1
Project("{FAE04EC0-301F-11D3-BF4B-00C04F79EFBC}") = "ImageStuffer", "ImageStuffer.csproj", "{7551BFE8-1E2E-4BB9-B831-1E6053D39199}"
EndProject
Global
	GlobalSection(SolutionConfigurationPlatforms) = preSolution
		Debug|Any CPU = Debug|Any CPU
		Release|Any CPU = Release|Any CPU
	EndGlobalSection
	GlobalSection(ProjectConfigurationPlatforms) = postSolution
		{7551BFE8-1E2E-4BB9-B831-1E6053D39199}.Debug|Any CPU.ActiveCfg = Debug|Any CPU
		{7551BFE8-1E2E-4BB9-B831-1E6053D39199}.Debug|Any CPU.Build.0 = Debug|Any CPU
		{7551BFE8-1E2E-4BB9-B831-1E6053D39199}.Release|Any CPU.ActiveCfg = Release|Any CPU
		{7551BFE8-1E2E-4BB9-B831-1E6053D39199}.Release|Any CPU.Build.0 = Release|Any CPU
	EndGlobalSection
	GlobalSection(SolutionProperties) = preSolution
		HideSolutionNode = FALSE
	EndGlobalSection
	GlobalSection(ExtensibilityGlobals) = postSolution
		SolutionGuid = {893C4DF9-6D04-4A21-B2AF-6E8A5C132691}
	EndGlobalSection
EndGlobal
